
Microsoft Visual Studio Solution File, Format Version 12.00
# Visual Studio Version 16
VisualStudioVersion = 16.0.31729.503
MinimumVisualStudioVersion = 10.0.40219.1
Project("{FAE04EC0-301F-11D3-BF4B-00C04F79EFBC}") = "AoC_Day6", "AoC_Day6\AoC_Day6.csproj", "{77C27748-176C-4CC1-94E4-1D533844E855}"
EndProject
Global
	GlobalSection(SolutionConfigurationPlatforms) = preSolution
		Debug|Any CPU = Debug|Any CPU
		Release|Any CPU = Release|Any CPU
	EndGlobalSection
	GlobalSection(ProjectConfigurationPlatforms) = postSolution
		{77C27748-176C-4CC1-94E4-1D533844E855}.Debug|Any CPU.ActiveCfg = Debug|Any CPU
		{77C27748-176C-4CC1-94E4-1D533844E855}.Debug|Any CPU.Build.0 = Debug|Any CPU
		{77C27748-176C-4CC1-94E4-1D533844E855}.Release|Any CPU.ActiveCfg = Release|Any CPU
		{77C27748-176C-4CC1-94E4-1D533844E855}.Release|Any CPU.Build.0 = Release|Any CPU
	EndGlobalSection
	GlobalSection(SolutionProperties) = preSolution
		HideSolutionNode = FALSE
	EndGlobalSection
	GlobalSection(ExtensibilityGlobals) = postSolution
		SolutionGuid = {4A31B619-D25D-407E-BCF0-2ADF2107E5C1}
	EndGlobalSection
EndGlobal
